// !$*UTF8*$!
{
	archiveVersion = 1;
	classes = {
	};
	objectVersion = 77;
	objects = {

/* Begin PBXBuildFile section */
		7747D96B2FC2A58000C4246D /* FFmpeg-Kit in Frameworks */ = {isa = PBXBuildFile; productRef = 7799E1672FAB428F008E0E98 /* FFmpeg-Kit */; };
		7747D9812FC2A67C00C4246D /* FFmpeg-Kit in Embed Frameworks */ = {isa = PBXBuildFile; productRef = 7799E1672FAB428F008E0E98 /* FFmpeg-Kit */; settings = {ATTRIBUTES = (CodeSignOnCopy, ); }; };
		777B92B72FA48CC200ECAF15 /* Core in Frameworks */ = {isa = PBXBuildFile; productRef = 777B92B62FA48CC200ECAF15 /* Core */; };
		777B92D02FA4AA0E00ECAF15 /* Core in Frameworks */ = {isa = PBXBuildFile; productRef = 777B92CF2FA4AA0E00ECAF15 /* Core */; };
		777B92D32FA4AA1B00ECAF15 /* Core in Frameworks */ = {isa = PBXBuildFile; productRef = 777B92D22FA4AA1B00ECAF15 /* Core */; };
		77C8BF5A2F6E36D200E7354F /* WidgetKit.framework in Frameworks */ = {isa = PBXBuildFile; fileRef = 77C8BF592F6E36D200E7354F /* WidgetKit.framework */; };
		77C8BF5C2F6E36D200E7354F /* SwiftUI.framework in Frameworks */ = {isa = PBXBuildFile; fileRef = 77C8BF5B2F6E36D200E7354F /* SwiftUI.framework */; };
		77C8BF6D2F6E36D200E7354F /* LyricsExtension.appex in Embed Foundation Extensions */ = {isa = PBXBuildFile; fileRef = 77C8BF572F6E36D200E7354F /* LyricsExtension.appex */; settings = {ATTRIBUTES = (RemoveHeadersOnCopy, ); }; };
		A1B2C3D42F6F000100E7354F /* XCTest.framework in Frameworks */ = {isa = PBXBuildFile; fileRef = A1B2C3D52F6F000100E7354F /* XCTest.framework */; };
/* End PBXBuildFile section */

/* Begin PBXContainerItemProxy section */
		77C8BF6B2F6E36D200E7354F /* PBXContainerItemProxy */ = {
			isa = PBXContainerItemProxy;
			containerPortal = 7720394A2F6AAAA700E85D4A /* Project object */;
			proxyType = 1;
			remoteGlobalIDString = 77C8BF562F6E36D200E7354F;
			remoteInfo = LyricsExtension;
		};
		A1B2C3D92F6F000100E7354F /* PBXContainerItemProxy */ = {
			isa = PBXContainerItemProxy;
			containerPortal = 7720394A2F6AAAA700E85D4A /* Project object */;
			proxyType = 1;
			remoteGlobalIDString = 772039512F6AAAA700E85D4A;
			remoteInfo = cisum;
		};
/* End PBXContainerItemProxy section */

/* Begin PBXCopyFilesBuildPhase section */
		77C8BF722F6E36D200E7354F /* Embed Foundation Extensions */ = {
			isa = PBXCopyFilesBuildPhase;
			buildActionMask = 2147483647;
			dstPath = "";
			dstSubfolderSpec = 13;
			files = (
				77C8BF6D2F6E36D200E7354F /* LyricsExtension.appex in Embed Foundation Extensions */,
			);
			name = "Embed Foundation Extensions";
			runOnlyForDeploymentPostprocessing = 0;
		};
		77EC570F2F6AB9B5002B5513 /* Embed Frameworks */ = {
			isa = PBXCopyFilesBuildPhase;
			buildActionMask = 2147483647;
			dstPath = "";
			dstSubfolderSpec = 10;
			files = (
				7747D9812FC2A67C00C4246D /* FFmpeg-Kit in Embed Frameworks */,
			);
			name = "Embed Frameworks";
			runOnlyForDeploymentPostprocessing = 0;
		};
/* End PBXCopyFilesBuildPhase section */

/* Begin PBXFileReference section */
		772039522F6AAAA700E85D4A /* cisum.app */ = {isa = PBXFileReference; explicitFileType = wrapper.application; includeInIndex = 0; path = cisum.app; sourceTree = BUILT_PRODUCTS_DIR; };
		77C8BF572F6E36D200E7354F /* LyricsExtension.appex */ = {isa = PBXFileReference; explicitFileType = "wrapper.app-extension"; includeInIndex = 0; path = LyricsExtension.appex; sourceTree = BUILT_PRODUCTS_DIR; };
		77C8BF592F6E36D200E7354F /* WidgetKit.framework */ = {isa = PBXFileReference; lastKnownFileType = wrapper.framework; name = WidgetKit.framework; path = System/Library/Frameworks/WidgetKit.framework; sourceTree = SDKROOT; };
		77C8BF5B2F6E36D200E7354F /* SwiftUI.framework */ = {isa = PBXFileReference; lastKnownFileType = wrapper.framework; name = SwiftUI.framework; path = System/Library/Frameworks/SwiftUI.framework; sourceTree = SDKROOT; };
		A1B2C3D52F6F000100E7354F /* XCTest.framework */ = {isa = PBXFileReference; lastKnownFileType = wrapper.framework; name = XCTest.framework; path = System/Library/Frameworks/XCTest.framework; sourceTree = SDKROOT; };
		A1B2C3D62F6F000100E7354F /* cisumTests.xctest */ = {isa = PBXFileReference; explicitFileType = wrapper.cfbundle; includeInIndex = 0; path = cisumTests.xctest; sourceTree = BUILT_PRODUCTS_DIR; };
/* End PBXFileReference section */

/* Begin PBXFileSystemSynchronizedBuildFileExceptionSet section */
		779EEEAE2FA8B09D00C04320 /* Exceptions for "cisum" folder in "cisum" target */ = {
			isa = PBXFileSystemSynchronizedBuildFileExceptionSet;
			membershipExceptions = (
				Info.plist,
			);
			target = 772039512F6AAAA700E85D4A /* cisum */;
		};
		77C8BF712F6E36D200E7354F /* Exceptions for "Lyrics" folder in "LyricsExtension" target */ = {
			isa = PBXFileSystemSynchronizedBuildFileExceptionSet;
			membershipExceptions = (
				Info.plist,
			);
			target = 77C8BF562F6E36D200E7354F /* LyricsExtension */;
		};
/* End PBXFileSystemSynchronizedBuildFileExceptionSet section */

/* Begin PBXFileSystemSynchronizedRootGroup section */
		772039542F6AAAA700E85D4A /* cisum */ = {
			isa = PBXFileSystemSynchronizedRootGroup;
			exceptions = (
				779EEEAE2FA8B09D00C04320 /* Exceptions for "cisum" folder in "cisum" target */,
			);
			path = cisum;
			sourceTree = "<group>";
		};
		77C8BF5D2F6E36D200E7354F /* Lyrics */ = {
			isa = PBXFileSystemSynchronizedRootGroup;
			exceptions = (
				77C8BF712F6E36D200E7354F /* Exceptions for "Lyrics" folder in "LyricsExtension" target */,
			);
			path = Lyrics;
			sourceTree = "<group>";
		};
/* End PBXFileSystemSynchronizedRootGroup section */

/* Begin PBXFrameworksBuildPhase section */
		7720394F2F6AAAA700E85D4A /* Frameworks */ = {
			isa = PBXFrameworksBuildPhase;
			buildActionMask = 2147483647;
			files = (
				7747D96B2FC2A58000C4246D /* FFmpeg-Kit in Frameworks */,
				777B92D02FA4AA0E00ECAF15 /* Core in Frameworks */,
				777B92B72FA48CC200ECAF15 /* Core in Frameworks */,
				777B92D32FA4AA1B00ECAF15 /* Core in Frameworks */,
			);
			runOnlyForDeploymentPostprocessing = 0;
		};
		77C8BF542F6E36D200E7354F /* Frameworks */ = {
			isa = PBXFrameworksBuildPhase;
			buildActionMask = 2147483647;
			files = (
				77C8BF5C2F6E36D200E7354F /* SwiftUI.framework in Frameworks */,
				77C8BF5A2F6E36D200E7354F /* WidgetKit.framework in Frameworks */,
			);
			runOnlyForDeploymentPostprocessing = 0;
		};
		A1B2C3DC2F6F000100E7354F /* Frameworks */ = {
			isa = PBXFrameworksBuildPhase;
			buildActionMask = 2147483647;
			files = (
				A1B2C3D42F6F000100E7354F /* XCTest.framework in Frameworks */,
			);
			runOnlyForDeploymentPostprocessing = 0;
		};
/* End PBXFrameworksBuildPhase section */

/* Begin PBXGroup section */
		772039492F6AAAA700E85D4A = {
			isa = PBXGroup;
			children = (
				772039542F6AAAA700E85D4A /* cisum */,
				77C8BF5D2F6E36D200E7354F /* Lyrics */,
				77C8BF582F6E36D200E7354F /* Frameworks */,
				772039532F6AAAA700E85D4A /* Products */,
			);
			sourceTree = "<group>";
		};
		772039532F6AAAA700E85D4A /* Products */ = {
			isa = PBXGroup;
			children = (
				772039522F6AAAA700E85D4A /* cisum.app */,
				A1B2C3D62F6F000100E7354F /* cisumTests.xctest */,
				77C8BF572F6E36D200E7354F /* LyricsExtension.appex */,
			);
			name = Products;
			sourceTree = "<group>";
		};
		77C8BF582F6E36D200E7354F /* Frameworks */ = {
			isa = PBXGroup;
			children = (
				A1B2C3D52F6F000100E7354F /* XCTest.framework */,
				77C8BF592F6E36D200E7354F /* WidgetKit.framework */,
				77C8BF5B2F6E36D200E7354F /* SwiftUI.framework */,
			);
			name = Frameworks;
			sourceTree = "<group>";
		};
/* End PBXGroup section */

/* Begin PBXNativeTarget section */
		772039512F6AAAA700E85D4A /* cisum */ = {
			isa = PBXNativeTarget;
			buildConfigurationList = 7720395D2F6AAAAA00E85D4A /* Build configuration list for PBXNativeTarget "cisum" */;
			buildPhases = (
				7799E1AB2FAB4568008E0E98 /* Lint and Format */,
				7720394E2F6AAAA700E85D4A /* Sources */,
				7720394F2F6AAAA700E85D4A /* Frameworks */,
				772039502F6AAAA700E85D4A /* Resources */,
				77EC570F2F6AB9B5002B5513 /* Embed Frameworks */,
				77C8BF722F6E36D200E7354F /* Embed Foundation Extensions */,
			);
			buildRules = (
			);
			dependencies = (
				77C8BF6C2F6E36D200E7354F /* PBXTargetDependency */,
			);
			fileSystemSynchronizedGroups = (
				772039542F6AAAA700E85D4A /* cisum */,
			);
			name = cisum;
			packageProductDependencies = (
				777B92B62FA48CC200ECAF15 /* Core */,
				777B92CF2FA4AA0E00ECAF15 /* Core */,
				777B92D22FA4AA1B00ECAF15 /* Core */,
				7799E1672FAB428F008E0E98 /* FFmpeg-Kit */,
			);
			productName = iOS;
			productReference = 772039522F6AAAA700E85D4A /* cisum.app */;
			productType = "com.apple.product-type.application";
		};
		77C8BF562F6E36D200E7354F /* LyricsExtension */ = {
			isa = PBXNativeTarget;
			buildConfigurationList = 779EEEAA2FA8B05C00C04320 /* Build configuration list for PBXNativeTarget "LyricsExtension" */;
			buildPhases = (
				77C8BF532F6E36D200E7354F /* Sources */,
				77C8BF542F6E36D200E7354F /* Frameworks */,
				77C8BF552F6E36D200E7354F /* Resources */,
			);
			buildRules = (
			);
			dependencies = (
			);
			fileSystemSynchronizedGroups = (
				77C8BF5D2F6E36D200E7354F /* Lyrics */,
			);
			name = LyricsExtension;
			packageProductDependencies = (
			);
			productName = LyricsExtension;
			productReference = 77C8BF572F6E36D200E7354F /* LyricsExtension.appex */;
			productType = "com.apple.product-type.app-extension";
		};
		A1B2C3D82F6F000100E7354F /* cisumTests */ = {
			isa = PBXNativeTarget;
			buildConfigurationList = 779EEEAB2FA8B05C00C04320 /* Build configuration list for PBXNativeTarget "cisumTests" */;
			buildPhases = (
				A1B2C3DB2F6F000100E7354F /* Sources */,
				A1B2C3DC2F6F000100E7354F /* Frameworks */,
				A1B2C3DD2F6F000100E7354F /* Resources */,
			);
			buildRules = (
			);
			dependencies = (
				A1B2C3DA2F6F000100E7354F /* PBXTargetDependency */,
			);
			name = cisumTests;
			packageProductDependencies = (
			);
			productName = cisumTests;
			productReference = A1B2C3D62F6F000100E7354F /* cisumTests.xctest */;
			productType = "com.apple.product-type.bundle.unit-test";
		};
/* End PBXNativeTarget section */

/* Begin PBXProject section */
		7720394A2F6AAAA700E85D4A /* Project object */ = {
			isa = PBXProject;
			attributes = {
				BuildIndependentTargetsInParallel = 1;
				LastSwiftUpdateCheck = 2630;
				LastUpgradeCheck = 2640;
				TargetAttributes = {
					772039512F6AAAA700E85D4A = {
						CreatedOnToolsVersion = 26.3;
					};
					77C8BF562F6E36D200E7354F = {
						CreatedOnToolsVersion = 26.3;
					};
					A1B2C3D82F6F000100E7354F = {
						CreatedOnToolsVersion = 26.3;
					};
				};
			};
			buildConfigurationList = 7720394D2F6AAAA700E85D4A /* Build configuration list for PBXProject "iOS" */;
			developmentRegion = en;
			hasScannedForEncodings = 0;
			knownRegions = (
				en,
				Base,
			);
			mainGroup = 772039492F6AAAA700E85D4A;
			minimizedProjectReferenceProxies = 1;
			packageReferences = (
				777B92D12FA4AA1B00ECAF15 /* XCLocalSwiftPackageReference "../Modules/Core" */,
				7799E1662FAB428F008E0E98 /* XCRemoteSwiftPackageReference "ffmpeg-kit-spm" */,
			);
			preferredProjectObjectVersion = 77;
			productRefGroup = 772039532F6AAAA700E85D4A /* Products */;
			projectDirPath = "";
			projectRoot = "";
			targets = (
				772039512F6AAAA700E85D4A /* cisum */,
				A1B2C3D82F6F000100E7354F /* cisumTests */,
				77C8BF562F6E36D200E7354F /* LyricsExtension */,
			);
		};
/* End PBXProject section */

/* Begin PBXResourcesBuildPhase section */
		772039502F6AAAA700E85D4A /* Resources */ = {
			isa = PBXResourcesBuildPhase;
			buildActionMask = 2147483647;
			files = (
			);
			runOnlyForDeploymentPostprocessing = 0;
		};
		77C8BF552F6E36D200E7354F /* Resources */ = {
			isa = PBXResourcesBuildPhase;
			buildActionMask = 2147483647;
			files = (
			);
			runOnlyForDeploymentPostprocessing = 0;
		};
		A1B2C3DD2F6F000100E7354F /* Resources */ = {
			isa = PBXResourcesBuildPhase;
			buildActionMask = 2147483647;
			files = (
			);
			runOnlyForDeploymentPostprocessing = 0;
		};
/* End PBXResourcesBuildPhase section */

/* Begin PBXShellScriptBuildPhase section */
		7799E1AB2FAB4568008E0E98 /* Lint and Format */ = {
			isa = PBXShellScriptBuildPhase;
			buildActionMask = 2147483647;
			files = (
			);
			inputPaths = (
			);
			name = "Lint and Format";
			outputPaths = (
			);
			runOnlyForDeploymentPostprocessing = 0;
			shellPath = /bin/sh;
			shellScript = "if [ \"$CONFIGURATION\" != \"Debug\" ]; then\n  exit 0\nfi\n\nREPO_ROOT=\"$SRCROOT/..\"\n\nif command -v swiftformat >/dev/null 2>&1; then\n  if ! swiftformat --lint --config \"$REPO_ROOT/.swiftformat\" \\\n    \"$REPO_ROOT/Modules\" \\\n    \"$REPO_ROOT/Packages\" \\\n    \"$REPO_ROOT/iOS\" \\\n    \"$REPO_ROOT/macOS\"; then\n    echo \"warning: SwiftFormat reported style issues\"\n  fi\nelse\n  echo \"warning: SwiftFormat not installed, skipping\"\nfi\n\nif command -v swiftlint >/dev/null 2>&1; then\n  if ! swiftlint lint --config \"$REPO_ROOT/.swiftlint.yml\" \\\n    \"$REPO_ROOT/Modules\" \\\n    \"$REPO_ROOT/Packages\" \\\n    \"$REPO_ROOT/iOS\" \\\n    \"$REPO_ROOT/macOS\"; then\n    echo \"warning: SwiftLint reported style issues\"\n  fi\nelse\n  echo \"warning: SwiftLint not installed, skipping\"\nfi\n";
		};
/* End PBXShellScriptBuildPhase section */

/* Begin PBXSourcesBuildPhase section */
		7720394E2F6AAAA700E85D4A /* Sources */ = {
			isa = PBXSourcesBuildPhase;
			buildActionMask = 2147483647;
			files = (
			);
			runOnlyForDeploymentPostprocessing = 0;
		};
		77C8BF532F6E36D200E7354F /* Sources */ = {
			isa = PBXSourcesBuildPhase;
			buildActionMask = 2147483647;
			files = (
			);
			runOnlyForDeploymentPostprocessing = 0;
		};
		A1B2C3DB2F6F000100E7354F /* Sources */ = {
			isa = PBXSourcesBuildPhase;
			buildActionMask = 2147483647;
			files = (
			);
			runOnlyForDeploymentPostprocessing = 0;
		};
/* End PBXSourcesBuildPhase section */

/* Begin PBXTargetDependency section */
		77C8BF6C2F6E36D200E7354F /* PBXTargetDependency */ = {
			isa = PBXTargetDependency;
			target = 77C8BF562F6E36D200E7354F /* LyricsExtension */;
			targetProxy = 77C8BF6B2F6E36D200E7354F /* PBXContainerItemProxy */;
		};
		A1B2C3DA2F6F000100E7354F /* PBXTargetDependency */ = {
			isa = PBXTargetDependency;
			target = 772039512F6AAAA700E85D4A /* cisum */;
			targetProxy = A1B2C3D92F6F000100E7354F /* PBXContainerItemProxy */;
		};
/* End PBXTargetDependency section */

/* Begin XCBuildConfiguration section */
		7720395B2F6AAAAA00E85D4A /* Debug */ = {
			isa = XCBuildConfiguration;
			buildSettings = {
				ALWAYS_SEARCH_USER_PATHS = NO;
				ASSETCATALOG_COMPILER_GENERATE_SWIFT_ASSET_SYMBOL_EXTENSIONS = YES;
				CLANG_ANALYZER_NONNULL = YES;
				CLANG_ANALYZER_NUMBER_OBJECT_CONVERSION = YES_AGGRESSIVE;
				CLANG_CXX_LANGUAGE_STANDARD = "gnu++20";
				CLANG_ENABLE_MODULES = YES;
				CLANG_ENABLE_OBJC_ARC = YES;
				CLANG_ENABLE_OBJC_WEAK = YES;
				CLANG_WARN_BLOCK_CAPTURE_AUTORELEASING = YES;
				CLANG_WARN_BOOL_CONVERSION = YES;
				CLANG_WARN_COMMA = YES;
				CLANG_WARN_CONSTANT_CONVERSION = YES;
				CLANG_WARN_DEPRECATED_OBJC_IMPLEMENTATIONS = YES;
				CLANG_WARN_DIRECT_OBJC_ISA_USAGE = YES_ERROR;
				CLANG_WARN_DOCUMENTATION_COMMENTS = YES;
				CLANG_WARN_EMPTY_BODY = YES;
				CLANG_WARN_ENUM_CONVERSION = YES;
				CLANG_WARN_INFINITE_RECURSION = YES;
				CLANG_WARN_INT_CONVERSION = YES;
				CLANG_WARN_NON_LITERAL_NULL_CONVERSION = YES;
				CLANG_WARN_OBJC_IMPLICIT_RETAIN_SELF = YES;
				CLANG_WARN_OBJC_LITERAL_CONVERSION = YES;
				CLANG_WARN_OBJC_ROOT_CLASS = YES_ERROR;
				CLANG_WARN_QUOTED_INCLUDE_IN_FRAMEWORK_HEADER = YES;
				CLANG_WARN_RANGE_LOOP_ANALYSIS = YES;
				CLANG_WARN_STRICT_PROTOTYPES = YES;
				CLANG_WARN_SUSPICIOUS_MOVE = YES;
				CLANG_WARN_UNGUARDED_AVAILABILITY = YES_AGGRESSIVE;
				CLANG_WARN_UNREACHABLE_CODE = YES;
				CLANG_WARN__DUPLICATE_METHOD_MATCH = YES;
				COPY_PHASE_STRIP = NO;
				DEBUG_INFORMATION_FORMAT = dwarf;
				DEVELOPMENT_TEAM = 3YK32DPS3W;
				ENABLE_STRICT_OBJC_MSGSEND = YES;
				ENABLE_TESTABILITY = YES;
				ENABLE_USER_SCRIPT_SANDBOXING = YES;
				GCC_C_LANGUAGE_STANDARD = gnu17;
				GCC_DYNAMIC_NO_PIC = NO;
				GCC_NO_COMMON_BLOCKS = YES;
				GCC_OPTIMIZATION_LEVEL = 0;
				GCC_PREPROCESSOR_DEFINITIONS = (
					"DEBUG=1",
					"$(inherited)",
				);
				GCC_WARN_64_TO_32_BIT_CONVERSION = YES;
				GCC_WARN_ABOUT_RETURN_TYPE = YES_ERROR;
				GCC_WARN_UNDECLARED_SELECTOR = YES;
				GCC_WARN_UNINITIALIZED_AUTOS = YES_AGGRESSIVE;
				GCC_WARN_UNUSED_FUNCTION = YES;
				GCC_WARN_UNUSED_VARIABLE = YES;
				IPHONEOS_DEPLOYMENT_TARGET = 17.6;
				LOCALIZATION_PREFERS_STRING_CATALOGS = YES;
				MTL_ENABLE_DEBUG_INFO = INCLUDE_SOURCE;
				MTL_FAST_MATH = YES;
				ONLY_ACTIVE_ARCH = YES;
				SDKROOT = iphoneos;
				STRING_CATALOG_GENERATE_SYMBOLS = YES;
				SWIFT_ACTIVE_COMPILATION_CONDITIONS = "DEBUG $(inherited)";
				SWIFT_OPTIMIZATION_LEVEL = "-Onone";
			};
			name = Debug;
		};
		7720395C2F6AAAAA00E85D4A /* Release */ = {
			isa = XCBuildConfiguration;
			buildSettings = {
				ALWAYS_SEARCH_USER_PATHS = NO;
				ASSETCATALOG_COMPILER_GENERATE_SWIFT_ASSET_SYMBOL_EXTENSIONS = YES;
				CLANG_ANALYZER_NONNULL = YES;
				CLANG_ANALYZER_NUMBER_OBJECT_CONVERSION = YES_AGGRESSIVE;
				CLANG_CXX_LANGUAGE_STANDARD = "gnu++20";
				CLANG_ENABLE_MODULES = YES;
				CLANG_ENABLE_OBJC_ARC = YES;
				CLANG_ENABLE_OBJC_WEAK = YES;
				CLANG_WARN_BLOCK_CAPTURE_AUTORELEASING = YES;
				CLANG_WARN_BOOL_CONVERSION = YES;
				CLANG_WARN_COMMA = YES;
				CLANG_WARN_CONSTANT_CONVERSION = YES;
				CLANG_WARN_DEPRECATED_OBJC_IMPLEMENTATIONS = YES;
				CLANG_WARN_DIRECT_OBJC_ISA_USAGE = YES_ERROR;
				CLANG_WARN_DOCUMENTATION_COMMENTS = YES;
				CLANG_WARN_EMPTY_BODY = YES;
				CLANG_WARN_ENUM_CONVERSION = YES;
				CLANG_WARN_INFINITE_RECURSION = YES;
				CLANG_WARN_INT_CONVERSION = YES;
				CLANG_WARN_NON_LITERAL_NULL_CONVERSION = YES;
				CLANG_WARN_OBJC_IMPLICIT_RETAIN_SELF = YES;
				CLANG_WARN_OBJC_LITERAL_CONVERSION = YES;
				CLANG_WARN_OBJC_ROOT_CLASS = YES_ERROR;
				CLANG_WARN_QUOTED_INCLUDE_IN_FRAMEWORK_HEADER = YES;
				CLANG_WARN_RANGE_LOOP_ANALYSIS = YES;
				CLANG_WARN_STRICT_PROTOTYPES = YES;
				CLANG_WARN_SUSPICIOUS_MOVE = YES;
				CLANG_WARN_UNGUARDED_AVAILABILITY = YES_AGGRESSIVE;
				CLANG_WARN_UNREACHABLE_CODE = YES;
				CLANG_WARN__DUPLICATE_METHOD_MATCH = YES;
				COPY_PHASE_STRIP = NO;
				DEBUG_INFORMATION_FORMAT = "dwarf-with-dsym";
				DEVELOPMENT_TEAM = 3YK32DPS3W;
				ENABLE_NS_ASSERTIONS = NO;
				ENABLE_STRICT_OBJC_MSGSEND = YES;
				ENABLE_USER_SCRIPT_SANDBOXING = YES;
				GCC_C_LANGUAGE_STANDARD = gnu17;
				GCC_NO_COMMON_BLOCKS = YES;
				GCC_WARN_64_TO_32_BIT_CONVERSION = YES;
				GCC_WARN_ABOUT_RETURN_TYPE = YES_ERROR;
				GCC_WARN_UNDECLARED_SELECTOR = YES;
				GCC_WARN_UNINITIALIZED_AUTOS = YES_AGGRESSIVE;
				GCC_WARN_UNUSED_FUNCTION = YES;
				GCC_WARN_UNUSED_VARIABLE = YES;
				IPHONEOS_DEPLOYMENT_TARGET = 26.2;
				LOCALIZATION_PREFERS_STRING_CATALOGS = YES;
				MTL_ENABLE_DEBUG_INFO = NO;
				MTL_FAST_MATH = YES;
				SDKROOT = iphoneos;
				STRING_CATALOG_GENERATE_SYMBOLS = YES;
				SWIFT_COMPILATION_MODE = wholemodule;
				VALIDATE_PRODUCT = YES;
			};
			name = Release;
		};
		779EEEA42FA8B00200C04320 /* Debug */ = {
			isa = XCBuildConfiguration;
			buildSettings = {
				ALWAYS_EMBED_SWIFT_STANDARD_LIBRARIES = NO;
				ASSETCATALOG_COMPILER_APPICON_NAME = AppIcon;
				ASSETCATALOG_COMPILER_GLOBAL_ACCENT_COLOR_NAME = AccentColor;
				ASSETCATALOG_COMPILER_INCLUDE_ALL_APPICON_ASSETS = YES;
				CODE_SIGN_ENTITLEMENTS = cisum/iOS.entitlements;
				COPY_PHASE_STRIP = NO;
				CURRENT_PROJECT_VERSION = 1;
				DEVELOPMENT_TEAM = 3YK32DPS3W;
				ENABLE_PREVIEWS = YES;
				GCC_DYNAMIC_NO_PIC = NO;
				GCC_OPTIMIZATION_LEVEL = 0;
				GENERATE_INFOPLIST_FILE = YES;
				INFOPLIST_FILE = cisum/Info.plist;
				INFOPLIST_KEY_CFBundleDisplayName = cisum;
				INFOPLIST_KEY_LSApplicationCategoryType = "public.app-category.music";
				INFOPLIST_KEY_UIApplicationSceneManifest_Generation = YES;
				INFOPLIST_KEY_UIApplicationSupportsIndirectInputEvents = YES;
				INFOPLIST_KEY_UILaunchScreen_Generation = YES;
				INFOPLIST_KEY_UISupportedInterfaceOrientations = "UIInterfaceOrientationLandscapeLeft UIInterfaceOrientationLandscapeRight UIInterfaceOrientationPortrait";
				INFOPLIST_KEY_UISupportedInterfaceOrientations_iPad = UIInterfaceOrientationPortraitUpsideDown;
				IPHONEOS_DEPLOYMENT_TARGET = 17.6;
				LD_RUNPATH_SEARCH_PATHS = (
					"$(inherited)",
					"@executable_path/Frameworks",
					"@loader_path/Frameworks",
				);
				MARKETING_VERSION = 2.0;
				PRODUCT_BUNDLE_IDENTIFIER = aaravgupta.cisum;
				PRODUCT_NAME = "$(TARGET_NAME)";
				STRING_CATALOG_GENERATE_SYMBOLS = YES;
				SWIFT_APPROACHABLE_CONCURRENCY = YES;
				SWIFT_DEFAULT_ACTOR_ISOLATION = MainActor;
				SWIFT_EMIT_LOC_STRINGS = YES;
				SWIFT_UPCOMING_FEATURE_MEMBER_IMPORT_VISIBILITY = YES;
				SWIFT_VERSION = 6.0;
				TARGETED_DEVICE_FAMILY = "1,2";
			};
			name = Debug;
		};
		779EEEA52FA8B00200C04320 /* Release */ = {
			isa = XCBuildConfiguration;
			buildSettings = {
				ALWAYS_EMBED_SWIFT_STANDARD_LIBRARIES = NO;
				ASSETCATALOG_COMPILER_APPICON_NAME = AppIcon;
				ASSETCATALOG_COMPILER_GLOBAL_ACCENT_COLOR_NAME = AccentColor;
				ASSETCATALOG_COMPILER_INCLUDE_ALL_APPICON_ASSETS = YES;
				CODE_SIGN_ENTITLEMENTS = cisum/iOS.entitlements;
				CODE_SIGN_STYLE = Automatic;
				COPY_PHASE_STRIP = YES;
				CURRENT_PROJECT_VERSION = 1;
				DEBUG_INFORMATION_FORMAT = "dwarf-with-dsym";
				DEVELOPMENT_TEAM = 3YK32DPS3W;
				ENABLE_PREVIEWS = YES;
				GENERATE_INFOPLIST_FILE = YES;
				INFOPLIST_FILE = cisum/Info.plist;
				INFOPLIST_KEY_CFBundleDisplayName = cisum;
				INFOPLIST_KEY_LSApplicationCategoryType = "public.app-category.music";
				INFOPLIST_KEY_UIApplicationSceneManifest_Generation = YES;
				INFOPLIST_KEY_UIApplicationSupportsIndirectInputEvents = YES;
				INFOPLIST_KEY_UILaunchScreen_Generation = YES;
				INFOPLIST_KEY_UISupportedInterfaceOrientations = "UIInterfaceOrientationLandscapeLeft UIInterfaceOrientationLandscapeRight UIInterfaceOrientationPortrait";
				INFOPLIST_KEY_UISupportedInterfaceOrientations_iPad = UIInterfaceOrientationPortraitUpsideDown;
				IPHONEOS_DEPLOYMENT_TARGET = 17.6;
				LD_RUNPATH_SEARCH_PATHS = (
					"$(inherited)",
					"@executable_path/Frameworks",
					"@loader_path/Frameworks",
				);
				MARKETING_VERSION = 2.0;
				PRODUCT_BUNDLE_IDENTIFIER = aaravgupta.cisum;
				PRODUCT_NAME = "$(TARGET_NAME)";
				STRING_CATALOG_GENERATE_SYMBOLS = YES;
				SWIFT_APPROACHABLE_CONCURRENCY = YES;
				SWIFT_DEFAULT_ACTOR_ISOLATION = MainActor;
				SWIFT_EMIT_LOC_STRINGS = YES;
				SWIFT_UPCOMING_FEATURE_MEMBER_IMPORT_VISIBILITY = YES;
				SWIFT_VERSION = 6.0;
				TARGETED_DEVICE_FAMILY = "1,2";
			};
			name = Release;
		};
		779EEEA62FA8B00300C04320 /* Debug */ = {
			isa = XCBuildConfiguration;
			buildSettings = {
				COPY_PHASE_STRIP = NO;
				GCC_DYNAMIC_NO_PIC = NO;
				GCC_OPTIMIZATION_LEVEL = 0;
				GENERATE_INFOPLIST_FILE = YES;
				IPHONEOS_DEPLOYMENT_TARGET = 17.6;
				PRODUCT_NAME = cisumTests;
				SWIFT_VERSION = 6.0;
				TEST_HOST = "$(BUILT_PRODUCTS_DIR)/cisum.app/cisum";
			};
			name = Debug;
		};
		779EEEA72FA8B00300C04320 /* Release */ = {
			isa = XCBuildConfiguration;
			buildSettings = {
				COPY_PHASE_STRIP = YES;
				DEBUG_INFORMATION_FORMAT = "dwarf-with-dsym";
				GENERATE_INFOPLIST_FILE = YES;
				IPHONEOS_DEPLOYMENT_TARGET = 17.6;
				PRODUCT_NAME = cisumTests;
				SWIFT_VERSION = 6.0;
				TEST_HOST = "$(BUILT_PRODUCTS_DIR)/cisum.app/cisum";
			};
			name = Release;
		};
		779EEEA82FA8B00300C04320 /* Debug */ = {
			isa = XCBuildConfiguration;
			buildSettings = {
				COPY_PHASE_STRIP = NO;
				CURRENT_PROJECT_VERSION = 1;
				DEVELOPMENT_TEAM = 3YK32DPS3W;
				GCC_DYNAMIC_NO_PIC = NO;
				GCC_OPTIMIZATION_LEVEL = 0;
				GENERATE_INFOPLIST_FILE = YES;
				INFOPLIST_FILE = Lyrics/Info.plist;
				INFOPLIST_KEY_CFBundleDisplayName = Lyrics;
				IPHONEOS_DEPLOYMENT_TARGET = 17.6;
				MARKETING_VERSION = 2.0;
				PRODUCT_BUNDLE_IDENTIFIER = aaravgupta.cisum.Lyrics;
				PRODUCT_NAME = LyricsExtension;
				SWIFT_VERSION = 6.0;
			};
			name = Debug;
		};
		779EEEA92FA8B00300C04320 /* Release */ = {
			isa = XCBuildConfiguration;
			buildSettings = {
				COPY_PHASE_STRIP = YES;
				CURRENT_PROJECT_VERSION = 1;
				DEBUG_INFORMATION_FORMAT = "dwarf-with-dsym";
				DEVELOPMENT_TEAM = 3YK32DPS3W;
				GENERATE_INFOPLIST_FILE = YES;
				INFOPLIST_FILE = Lyrics/Info.plist;
				INFOPLIST_KEY_CFBundleDisplayName = Lyrics;
				IPHONEOS_DEPLOYMENT_TARGET = 17.6;
				MARKETING_VERSION = 2.0;
				PRODUCT_BUNDLE_IDENTIFIER = aaravgupta.cisum.Lyrics;
				PRODUCT_NAME = LyricsExtension;
				SWIFT_VERSION = 6.0;
			};
			name = Release;
		};
/* End XCBuildConfiguration section */

/* Begin XCConfigurationList section */
		7720394D2F6AAAA700E85D4A /* Build configuration list for PBXProject "iOS" */ = {
			isa = XCConfigurationList;
			buildConfigurations = (
				7720395B2F6AAAAA00E85D4A /* Debug */,
				7720395C2F6AAAAA00E85D4A /* Release */,
			);
			defaultConfigurationIsVisible = 0;
			defaultConfigurationName = Release;
		};
		7720395D2F6AAAAA00E85D4A /* Build configuration list for PBXNativeTarget "cisum" */ = {
			isa = XCConfigurationList;
			buildConfigurations = (
				779EEEA42FA8B00200C04320 /* Debug */,
				779EEEA52FA8B00200C04320 /* Release */,
			);
			defaultConfigurationIsVisible = 0;
			defaultConfigurationName = Release;
		};
		779EEEAA2FA8B05C00C04320 /* Build configuration list for PBXNativeTarget "LyricsExtension" */ = {
			isa = XCConfigurationList;
			buildConfigurations = (
				779EEEA82FA8B00300C04320 /* Debug */,
				779EEEA92FA8B00300C04320 /* Release */,
			);
			defaultConfigurationIsVisible = 0;
			defaultConfigurationName = Release;
		};
		779EEEAB2FA8B05C00C04320 /* Build configuration list for PBXNativeTarget "cisumTests" */ = {
			isa = XCConfigurationList;
			buildConfigurations = (
				779EEEA62FA8B00300C04320 /* Debug */,
				779EEEA72FA8B00300C04320 /* Release */,
			);
			defaultConfigurationIsVisible = 0;
			defaultConfigurationName = Release;
		};
/* End XCConfigurationList section */

/* Begin XCLocalSwiftPackageReference section */
		777B92D12FA4AA1B00ECAF15 /* XCLocalSwiftPackageReference "../Modules/Core" */ = {
			isa = XCLocalSwiftPackageReference;
			relativePath = ../Modules/Core;
		};
/* End XCLocalSwiftPackageReference section */

/* Begin XCRemoteSwiftPackageReference section */
		7799E1662FAB428F008E0E98 /* XCRemoteSwiftPackageReference "ffmpeg-kit-spm" */ = {
			isa = XCRemoteSwiftPackageReference;
			repositoryURL = "https://github.com/tylerjonesio/ffmpeg-kit-spm";
			requirement = {
				branch = main;
				kind = branch;
			};
		};
/* End XCRemoteSwiftPackageReference section */

/* Begin XCSwiftPackageProductDependency section */
		777B92B62FA48CC200ECAF15 /* Core */ = {
			isa = XCSwiftPackageProductDependency;
			productName = Core;
		};
		777B92CF2FA4AA0E00ECAF15 /* Core */ = {
			isa = XCSwiftPackageProductDependency;
			productName = Core;
		};
		777B92D22FA4AA1B00ECAF15 /* Core */ = {
			isa = XCSwiftPackageProductDependency;
			productName = Core;
		};
		7799E1672FAB428F008E0E98 /* FFmpeg-Kit */ = {
			isa = XCSwiftPackageProductDependency;
			package = 7799E1662FAB428F008E0E98 /* XCRemoteSwiftPackageReference "ffmpeg-kit-spm" */;
			productName = "FFmpeg-Kit";
		};
/* End XCSwiftPackageProductDependency section */
	};
	rootObject = 7720394A2F6AAAA700E85D4A /* Project object */;
}
