{
  "originHash" : "ec12e8f952d0d62b76ace1df084d69b6552700e4037dea5c3e72779e3b74937c",
  "pins" : [
    {
      "identity" : "kingfisher",
      "kind" : "remoteSourceControl",
      "location" : "https://github.com/onevcat/Kingfisher.git",
      "state" : {
        "revision" : "cf8be20d07654570554c8a8a4952bc8a5766a8b0",
        "version" : "8.9.0"
      }
    }
  ],
  "version" : 3
}
