{
  "originHash" : "ee94d098a80f0ce7e2d76eef8c292ba361b3cd1ca48d60aa5b314109d9b84880",
  "pins" : [
    {
      "identity" : "ffmpeg-kit-spm",
      "kind" : "remoteSourceControl",
      "location" : "https://github.com/tylerjonesio/ffmpeg-kit-spm",
      "state" : {
        "branch" : "main",
        "revision" : "6053b0e4f8607314ff5e14e0b18fc250c0f87c9b"
      }
    },
    {
      "identity" : "injectionnext",
      "kind" : "remoteSourceControl",
      "location" : "https://github.com/johnno1962/InjectionNext.git",
      "state" : {
        "revision" : "a24d3d1451d1d2efd753474a3885c8a1df741a84",
        "version" : "1.5.3"
      }
    },
    {
      "identity" : "ituneskit",
      "kind" : "remoteSourceControl",
      "location" : "https://gitlab.com/atpugvaraa/ituneskit.git",
      "state" : {
        "branch" : "main",
        "revision" : "44ec2f4fbb7ae8b61c77748536022734944ef188"
      }
    },
    {
      "identity" : "kingfisher",
      "kind" : "remoteSourceControl",
      "location" : "https://github.com/onevcat/Kingfisher.git",
      "state" : {
        "revision" : "c92b84898e34ab46ff0dad86c02a0acbe2d87008",
        "version" : "8.8.0"
      }
    },
    {
      "identity" : "lnpopupcontroller",
      "kind" : "remoteSourceControl",
      "location" : "https://github.com/LeoNatan/LNPopupController.git",
      "state" : {
        "revision" : "6f4bfa89a32cc7254599869b4bca8d2638e74671",
        "version" : "4.4.1"
      }
    },
    {
      "identity" : "lnpopupui",
      "kind" : "remoteSourceControl",
      "location" : "https://github.com/LeoNatan/LNPopupUI.git",
      "state" : {
        "revision" : "715bf763ae4afcc4c1a9e3d720784713d6c58ac6",
        "version" : "3.0.2"
      }
    },
    {
      "identity" : "lnswiftuiutils",
      "kind" : "remoteSourceControl",
      "location" : "https://github.com/LeoNatan/LNSwiftUIUtils.git",
      "state" : {
        "revision" : "181a95b992f84d99a14c562c86e8ebef3cbcdca9",
        "version" : "1.1.5"
      }
    },
    {
      "identity" : "youtubesdk",
      "kind" : "remoteSourceControl",
      "location" : "https://github.com/atpugvaraa/YouTubeSDK.git",
      "state" : {
        "branch" : "main",
        "revision" : "3e6616b823a1c14388ddf49bd7fd294ae6624c61"
      }
    }
  ],
  "version" : 3
}
